
Microsoft Visual Studio Solution File, Format Version 12.00
# Visual Studio Version 16
VisualStudioVersion = 16.0.30011.22
MinimumVisualStudioVersion = 10.0.40219.1
Project("{FAE04EC0-301F-11D3-BF4B-00C04F79EFBC}") = "specflowrepro", "specflowrepro\specflowrepro.csproj", "{6A0F9FDE-6962-4661-932C-4A0438F46029}"
EndProject
Global
	GlobalSection(SolutionConfigurationPlatforms) = preSolution
		Debug|Any CPU = Debug|Any CPU
		Release|Any CPU = Release|Any CPU
	EndGlobalSection
	GlobalSection(ProjectConfigurationPlatforms) = postSolution
		{6A0F9FDE-6962-4661-932C-4A0438F46029}.Debug|Any CPU.ActiveCfg = Debug|Any CPU
		{6A0F9FDE-6962-4661-932C-4A0438F46029}.Debug|Any CPU.Build.0 = Debug|Any CPU
		{6A0F9FDE-6962-4661-932C-4A0438F46029}.Release|Any CPU.ActiveCfg = Release|Any CPU
		{6A0F9FDE-6962-4661-932C-4A0438F46029}.Release|Any CPU.Build.0 = Release|Any CPU
	EndGlobalSection
	GlobalSection(SolutionProperties) = preSolution
		HideSolutionNode = FALSE
	EndGlobalSection
	GlobalSection(ExtensibilityGlobals) = postSolution
		SolutionGuid = {28F7CB3B-6FA1-4686-9BC9-F397EFA3EDB0}
	EndGlobalSection
EndGlobal
